
Microsoft Visual Studio Solution File, Format Version 12.00
# Visual Studio 15
VisualStudioVersion = 15.0.28307.329
MinimumVisualStudioVersion = 10.0.40219.1
Project("{9A19103F-16F7-4668-BE54-9A1E7A4F7556}") = "Socks", "Socks\Socks.csproj", "{6604E32F-BD96-485A-B546-E8938D7FABBB}"
EndProject
Project("{FAE04EC0-301F-11D3-BF4B-00C04F79EFBC}") = "ExcelFunctions", "ExcelFunctions\ExcelFunctions.csproj", "{6634D764-81A1-47EC-9C0A-9793690FD75F}"
EndProject
Global
	GlobalSection(SolutionConfigurationPlatforms) = preSolution
		Debug|Any CPU = Debug|Any CPU
		Release|Any CPU = Release|Any CPU
	EndGlobalSection
	GlobalSection(ProjectConfigurationPlatforms) = postSolution
		{6604E32F-BD96-485A-B546-E8938D7FABBB}.Debug|Any CPU.ActiveCfg = Debug|Any CPU
		{6604E32F-BD96-485A-B546-E8938D7FABBB}.Debug|Any CPU.Build.0 = Debug|Any CPU
		{6604E32F-BD96-485A-B546-E8938D7FABBB}.Release|Any CPU.ActiveCfg = Release|Any CPU
		{6604E32F-BD96-485A-B546-E8938D7FABBB}.Release|Any CPU.Build.0 = Release|Any CPU
		{6634D764-81A1-47EC-9C0A-9793690FD75F}.Debug|Any CPU.ActiveCfg = Debug|Any CPU
		{6634D764-81A1-47EC-9C0A-9793690FD75F}.Debug|Any CPU.Build.0 = Debug|Any CPU
		{6634D764-81A1-47EC-9C0A-9793690FD75F}.Release|Any CPU.ActiveCfg = Release|Any CPU
		{6634D764-81A1-47EC-9C0A-9793690FD75F}.Release|Any CPU.Build.0 = Release|Any CPU
	EndGlobalSection
	GlobalSection(SolutionProperties) = preSolution
		HideSolutionNode = FALSE
	EndGlobalSection
	GlobalSection(ExtensibilityGlobals) = postSolution
		SolutionGuid = {C8D7584F-EB35-4DEE-8A17-B4F19E749BB9}
	EndGlobalSection
EndGlobal
