
Microsoft Visual Studio Solution File, Format Version 12.00
# Visual Studio 15
VisualStudioVersion = 15.0.28307.168
MinimumVisualStudioVersion = 10.0.40219.1
Project("{FAE04EC0-301F-11D3-BF4B-00C04F79EFBC}") = "Odd Lines", "Odd Lines\Odd Lines.csproj", "{201D2617-8501-4038-9D92-BD14ACC11D5A}"
EndProject
Project("{FAE04EC0-301F-11D3-BF4B-00C04F79EFBC}") = "Line Numbers", "Line Numbers\Line Numbers.csproj", "{FE84DA49-6DFF-43A1-A7BA-55C4395ABB9D}"
EndProject
Project("{FAE04EC0-301F-11D3-BF4B-00C04F79EFBC}") = "Word Count", "Word Count\Word Count.csproj", "{3703E653-DCBF-4F72-BD43-846B9C3CB44E}"
EndProject
Project("{FAE04EC0-301F-11D3-BF4B-00C04F79EFBC}") = "Merge Files", "Merge Files\Merge Files.csproj", "{ED9042D7-DFD6-4978-9C07-D1A37D906A55}"
EndProject
Project("{FAE04EC0-301F-11D3-BF4B-00C04F79EFBC}") = "Slice File", "Slice File\Slice File.csproj", "{2823CA8E-ADCD-4B06-8A74-399AAEA345CC}"
EndProject
Global
	GlobalSection(SolutionConfigurationPlatforms) = preSolution
		Debug|Any CPU = Debug|Any CPU
		Release|Any CPU = Release|Any CPU
	EndGlobalSection
	GlobalSection(ProjectConfigurationPlatforms) = postSolution
		{201D2617-8501-4038-9D92-BD14ACC11D5A}.Debug|Any CPU.ActiveCfg = Debug|Any CPU
		{201D2617-8501-4038-9D92-BD14ACC11D5A}.Debug|Any CPU.Build.0 = Debug|Any CPU
		{201D2617-8501-4038-9D92-BD14ACC11D5A}.Release|Any CPU.ActiveCfg = Release|Any CPU
		{201D2617-8501-4038-9D92-BD14ACC11D5A}.Release|Any CPU.Build.0 = Release|Any CPU
		{FE84DA49-6DFF-43A1-A7BA-55C4395ABB9D}.Debug|Any CPU.ActiveCfg = Debug|Any CPU
		{FE84DA49-6DFF-43A1-A7BA-55C4395ABB9D}.Debug|Any CPU.Build.0 = Debug|Any CPU
		{FE84DA49-6DFF-43A1-A7BA-55C4395ABB9D}.Release|Any CPU.ActiveCfg = Release|Any CPU
		{FE84DA49-6DFF-43A1-A7BA-55C4395ABB9D}.Release|Any CPU.Build.0 = Release|Any CPU
		{3703E653-DCBF-4F72-BD43-846B9C3CB44E}.Debug|Any CPU.ActiveCfg = Debug|Any CPU
		{3703E653-DCBF-4F72-BD43-846B9C3CB44E}.Debug|Any CPU.Build.0 = Debug|Any CPU
		{3703E653-DCBF-4F72-BD43-846B9C3CB44E}.Release|Any CPU.ActiveCfg = Release|Any CPU
		{3703E653-DCBF-4F72-BD43-846B9C3CB44E}.Release|Any CPU.Build.0 = Release|Any CPU
		{ED9042D7-DFD6-4978-9C07-D1A37D906A55}.Debug|Any CPU.ActiveCfg = Debug|Any CPU
		{ED9042D7-DFD6-4978-9C07-D1A37D906A55}.Debug|Any CPU.Build.0 = Debug|Any CPU
		{ED9042D7-DFD6-4978-9C07-D1A37D906A55}.Release|Any CPU.ActiveCfg = Release|Any CPU
		{ED9042D7-DFD6-4978-9C07-D1A37D906A55}.Release|Any CPU.Build.0 = Release|Any CPU
		{2823CA8E-ADCD-4B06-8A74-399AAEA345CC}.Debug|Any CPU.ActiveCfg = Debug|Any CPU
		{2823CA8E-ADCD-4B06-8A74-399AAEA345CC}.Debug|Any CPU.Build.0 = Debug|Any CPU
		{2823CA8E-ADCD-4B06-8A74-399AAEA345CC}.Release|Any CPU.ActiveCfg = Release|Any CPU
		{2823CA8E-ADCD-4B06-8A74-399AAEA345CC}.Release|Any CPU.Build.0 = Release|Any CPU
	EndGlobalSection
	GlobalSection(SolutionProperties) = preSolution
		HideSolutionNode = FALSE
	EndGlobalSection
	GlobalSection(ExtensibilityGlobals) = postSolution
		SolutionGuid = {033A0FDB-F003-496B-82EB-30FAB2A05F5F}
	EndGlobalSection
EndGlobal
