
Microsoft Visual Studio Solution File, Format Version 12.00
# Visual Studio 15
VisualStudioVersion = 15.0.28307.168
MinimumVisualStudioVersion = 10.0.40219.1
Project("{FAE04EC0-301F-11D3-BF4B-00C04F79EFBC}") = "Unique Usernames", "Unique Usernames\Unique Usernames.csproj", "{DD85A9FF-2DCC-4EAF-ABD8-F5C718154AA6}"
EndProject
Project("{FAE04EC0-301F-11D3-BF4B-00C04F79EFBC}") = "Sets of Elements", "Sets of Elements\Sets of Elements.csproj", "{1EAD6191-C49B-497A-9F36-45C8C9FD4010}"
EndProject
Project("{FAE04EC0-301F-11D3-BF4B-00C04F79EFBC}") = "Periodic Table", "Periodic Table\Periodic Table.csproj", "{7279C59C-B3C3-4551-A8E5-D68EB9C56A94}"
EndProject
Project("{FAE04EC0-301F-11D3-BF4B-00C04F79EFBC}") = "Even Times", "Even Times\Even Times.csproj", "{71399578-B4F4-479B-B3A8-3E03B0B17866}"
EndProject
Project("{FAE04EC0-301F-11D3-BF4B-00C04F79EFBC}") = "Count Symbols", "Count Symbols\Count Symbols.csproj", "{D94AEE2E-9ACB-47E2-A50F-3F9313DD019F}"
EndProject
Project("{FAE04EC0-301F-11D3-BF4B-00C04F79EFBC}") = "Wardrobe", "Wardrobe\Wardrobe.csproj", "{543550A5-C3E3-4191-9004-8D020D6D657F}"
EndProject
Global
	GlobalSection(SolutionConfigurationPlatforms) = preSolution
		Debug|Any CPU = Debug|Any CPU
		Release|Any CPU = Release|Any CPU
	EndGlobalSection
	GlobalSection(ProjectConfigurationPlatforms) = postSolution
		{DD85A9FF-2DCC-4EAF-ABD8-F5C718154AA6}.Debug|Any CPU.ActiveCfg = Debug|Any CPU
		{DD85A9FF-2DCC-4EAF-ABD8-F5C718154AA6}.Debug|Any CPU.Build.0 = Debug|Any CPU
		{DD85A9FF-2DCC-4EAF-ABD8-F5C718154AA6}.Release|Any CPU.ActiveCfg = Release|Any CPU
		{DD85A9FF-2DCC-4EAF-ABD8-F5C718154AA6}.Release|Any CPU.Build.0 = Release|Any CPU
		{1EAD6191-C49B-497A-9F36-45C8C9FD4010}.Debug|Any CPU.ActiveCfg = Debug|Any CPU
		{1EAD6191-C49B-497A-9F36-45C8C9FD4010}.Debug|Any CPU.Build.0 = Debug|Any CPU
		{1EAD6191-C49B-497A-9F36-45C8C9FD4010}.Release|Any CPU.ActiveCfg = Release|Any CPU
		{1EAD6191-C49B-497A-9F36-45C8C9FD4010}.Release|Any CPU.Build.0 = Release|Any CPU
		{7279C59C-B3C3-4551-A8E5-D68EB9C56A94}.Debug|Any CPU.ActiveCfg = Debug|Any CPU
		{7279C59C-B3C3-4551-A8E5-D68EB9C56A94}.Debug|Any CPU.Build.0 = Debug|Any CPU
		{7279C59C-B3C3-4551-A8E5-D68EB9C56A94}.Release|Any CPU.ActiveCfg = Release|Any CPU
		{7279C59C-B3C3-4551-A8E5-D68EB9C56A94}.Release|Any CPU.Build.0 = Release|Any CPU
		{71399578-B4F4-479B-B3A8-3E03B0B17866}.Debug|Any CPU.ActiveCfg = Debug|Any CPU
		{71399578-B4F4-479B-B3A8-3E03B0B17866}.Debug|Any CPU.Build.0 = Debug|Any CPU
		{71399578-B4F4-479B-B3A8-3E03B0B17866}.Release|Any CPU.ActiveCfg = Release|Any CPU
		{71399578-B4F4-479B-B3A8-3E03B0B17866}.Release|Any CPU.Build.0 = Release|Any CPU
		{D94AEE2E-9ACB-47E2-A50F-3F9313DD019F}.Debug|Any CPU.ActiveCfg = Debug|Any CPU
		{D94AEE2E-9ACB-47E2-A50F-3F9313DD019F}.Debug|Any CPU.Build.0 = Debug|Any CPU
		{D94AEE2E-9ACB-47E2-A50F-3F9313DD019F}.Release|Any CPU.ActiveCfg = Release|Any CPU
		{D94AEE2E-9ACB-47E2-A50F-3F9313DD019F}.Release|Any CPU.Build.0 = Release|Any CPU
		{543550A5-C3E3-4191-9004-8D020D6D657F}.Debug|Any CPU.ActiveCfg = Debug|Any CPU
		{543550A5-C3E3-4191-9004-8D020D6D657F}.Debug|Any CPU.Build.0 = Debug|Any CPU
		{543550A5-C3E3-4191-9004-8D020D6D657F}.Release|Any CPU.ActiveCfg = Release|Any CPU
		{543550A5-C3E3-4191-9004-8D020D6D657F}.Release|Any CPU.Build.0 = Release|Any CPU
	EndGlobalSection
	GlobalSection(SolutionProperties) = preSolution
		HideSolutionNode = FALSE
	EndGlobalSection
	GlobalSection(ExtensibilityGlobals) = postSolution
		SolutionGuid = {B1BE6680-32C2-427A-B5E0-68BCA9B76125}
	EndGlobalSection
EndGlobal
