
Microsoft Visual Studio Solution File, Format Version 12.00
# Visual Studio 15
VisualStudioVersion = 15.0.28307.329
MinimumVisualStudioVersion = 10.0.40219.1
Project("{9A19103F-16F7-4668-BE54-9A1E7A4F7556}") = "Hospital", "Hospital\Hospital.csproj", "{B7BACAA5-21AA-480B-B074-6266DF93C675}"
EndProject
Project("{FAE04EC0-301F-11D3-BF4B-00C04F79EFBC}") = "Sneaking", "Sneaking\Sneaking.csproj", "{ABB05739-BEB5-44A0-AD7F-048CC24B1333}"
EndProject
Global
	GlobalSection(SolutionConfigurationPlatforms) = preSolution
		Debug|Any CPU = Debug|Any CPU
		Release|Any CPU = Release|Any CPU
	EndGlobalSection
	GlobalSection(ProjectConfigurationPlatforms) = postSolution
		{B7BACAA5-21AA-480B-B074-6266DF93C675}.Debug|Any CPU.ActiveCfg = Debug|Any CPU
		{B7BACAA5-21AA-480B-B074-6266DF93C675}.Debug|Any CPU.Build.0 = Debug|Any CPU
		{B7BACAA5-21AA-480B-B074-6266DF93C675}.Release|Any CPU.ActiveCfg = Release|Any CPU
		{B7BACAA5-21AA-480B-B074-6266DF93C675}.Release|Any CPU.Build.0 = Release|Any CPU
		{ABB05739-BEB5-44A0-AD7F-048CC24B1333}.Debug|Any CPU.ActiveCfg = Debug|Any CPU
		{ABB05739-BEB5-44A0-AD7F-048CC24B1333}.Debug|Any CPU.Build.0 = Debug|Any CPU
		{ABB05739-BEB5-44A0-AD7F-048CC24B1333}.Release|Any CPU.ActiveCfg = Release|Any CPU
		{ABB05739-BEB5-44A0-AD7F-048CC24B1333}.Release|Any CPU.Build.0 = Release|Any CPU
	EndGlobalSection
	GlobalSection(SolutionProperties) = preSolution
		HideSolutionNode = FALSE
	EndGlobalSection
	GlobalSection(ExtensibilityGlobals) = postSolution
		SolutionGuid = {8A9A761C-78F7-4693-A39A-ADAC9320B059}
	EndGlobalSection
EndGlobal
