
Microsoft Visual Studio Solution File, Format Version 12.00
# Visual Studio 15
VisualStudioVersion = 15.0.28307.329
MinimumVisualStudioVersion = 10.0.40219.1
Project("{9A19103F-16F7-4668-BE54-9A1E7A4F7556}") = "ListyIterator", "ListyIterator\ListyIterator.csproj", "{C6AB059C-FFD9-4B7E-916D-CB6E5BFA73A9}"
EndProject
Project("{9A19103F-16F7-4668-BE54-9A1E7A4F7556}") = "Collection", "Collection\Collection.csproj", "{EB02DE12-3FC1-4862-9460-B949D2817756}"
EndProject
Project("{9A19103F-16F7-4668-BE54-9A1E7A4F7556}") = "Stack", "Stack\Stack.csproj", "{63DB6DA2-59B0-4B5A-9492-53C5CE1ED64A}"
EndProject
Project("{9A19103F-16F7-4668-BE54-9A1E7A4F7556}") = "Froggy", "Froggy\Froggy.csproj", "{55095501-70E6-4CB1-9D7A-3E94612666B3}"
EndProject
Project("{FAE04EC0-301F-11D3-BF4B-00C04F79EFBC}") = "ComparingObjects", "ComparingObjects\ComparingObjects.csproj", "{C574D115-73BB-454D-8AD3-67CD3B6F61B5}"
EndProject
Project("{FAE04EC0-301F-11D3-BF4B-00C04F79EFBC}") = "StrategyPattern", "StrategyPattern\StrategyPattern.csproj", "{C9FCE6C6-2A8D-4DA3-8109-E74DED5B1FA1}"
EndProject
Global
	GlobalSection(SolutionConfigurationPlatforms) = preSolution
		Debug|Any CPU = Debug|Any CPU
		Release|Any CPU = Release|Any CPU
	EndGlobalSection
	GlobalSection(ProjectConfigurationPlatforms) = postSolution
		{C6AB059C-FFD9-4B7E-916D-CB6E5BFA73A9}.Debug|Any CPU.ActiveCfg = Debug|Any CPU
		{C6AB059C-FFD9-4B7E-916D-CB6E5BFA73A9}.Debug|Any CPU.Build.0 = Debug|Any CPU
		{C6AB059C-FFD9-4B7E-916D-CB6E5BFA73A9}.Release|Any CPU.ActiveCfg = Release|Any CPU
		{C6AB059C-FFD9-4B7E-916D-CB6E5BFA73A9}.Release|Any CPU.Build.0 = Release|Any CPU
		{EB02DE12-3FC1-4862-9460-B949D2817756}.Debug|Any CPU.ActiveCfg = Debug|Any CPU
		{EB02DE12-3FC1-4862-9460-B949D2817756}.Debug|Any CPU.Build.0 = Debug|Any CPU
		{EB02DE12-3FC1-4862-9460-B949D2817756}.Release|Any CPU.ActiveCfg = Release|Any CPU
		{EB02DE12-3FC1-4862-9460-B949D2817756}.Release|Any CPU.Build.0 = Release|Any CPU
		{63DB6DA2-59B0-4B5A-9492-53C5CE1ED64A}.Debug|Any CPU.ActiveCfg = Debug|Any CPU
		{63DB6DA2-59B0-4B5A-9492-53C5CE1ED64A}.Debug|Any CPU.Build.0 = Debug|Any CPU
		{63DB6DA2-59B0-4B5A-9492-53C5CE1ED64A}.Release|Any CPU.ActiveCfg = Release|Any CPU
		{63DB6DA2-59B0-4B5A-9492-53C5CE1ED64A}.Release|Any CPU.Build.0 = Release|Any CPU
		{55095501-70E6-4CB1-9D7A-3E94612666B3}.Debug|Any CPU.ActiveCfg = Debug|Any CPU
		{55095501-70E6-4CB1-9D7A-3E94612666B3}.Debug|Any CPU.Build.0 = Debug|Any CPU
		{55095501-70E6-4CB1-9D7A-3E94612666B3}.Release|Any CPU.ActiveCfg = Release|Any CPU
		{55095501-70E6-4CB1-9D7A-3E94612666B3}.Release|Any CPU.Build.0 = Release|Any CPU
		{C574D115-73BB-454D-8AD3-67CD3B6F61B5}.Debug|Any CPU.ActiveCfg = Debug|Any CPU
		{C574D115-73BB-454D-8AD3-67CD3B6F61B5}.Debug|Any CPU.Build.0 = Debug|Any CPU
		{C574D115-73BB-454D-8AD3-67CD3B6F61B5}.Release|Any CPU.ActiveCfg = Release|Any CPU
		{C574D115-73BB-454D-8AD3-67CD3B6F61B5}.Release|Any CPU.Build.0 = Release|Any CPU
		{C9FCE6C6-2A8D-4DA3-8109-E74DED5B1FA1}.Debug|Any CPU.ActiveCfg = Debug|Any CPU
		{C9FCE6C6-2A8D-4DA3-8109-E74DED5B1FA1}.Debug|Any CPU.Build.0 = Debug|Any CPU
		{C9FCE6C6-2A8D-4DA3-8109-E74DED5B1FA1}.Release|Any CPU.ActiveCfg = Release|Any CPU
		{C9FCE6C6-2A8D-4DA3-8109-E74DED5B1FA1}.Release|Any CPU.Build.0 = Release|Any CPU
	EndGlobalSection
	GlobalSection(SolutionProperties) = preSolution
		HideSolutionNode = FALSE
	EndGlobalSection
	GlobalSection(ExtensibilityGlobals) = postSolution
		SolutionGuid = {7C154556-5A3C-48E8-ADCD-A00F08BC40AC}
	EndGlobalSection
EndGlobal
