
Microsoft Visual Studio Solution File, Format Version 12.00
# Visual Studio 15
VisualStudioVersion = 15.0.28307.168
MinimumVisualStudioVersion = 10.0.40219.1
Project("{9A19103F-16F7-4668-BE54-9A1E7A4F7556}") = "Count Same Values in Array", "Count Same Values in Array\Count Same Values in Array.csproj", "{2EAB0EDE-B782-499C-973B-6A312469A9B5}"
EndProject
Project("{9A19103F-16F7-4668-BE54-9A1E7A4F7556}") = "Average Student Grades", "Average Student Grades\Average Student Grades.csproj", "{94A63F04-A53C-4F9C-8D3F-D55616EDBDE6}"
EndProject
Project("{9A19103F-16F7-4668-BE54-9A1E7A4F7556}") = "Product Shop", "Product Shop\Product Shop.csproj", "{86C36DC1-0F56-4629-95AA-33E004ABF37B}"
EndProject
Project("{FAE04EC0-301F-11D3-BF4B-00C04F79EFBC}") = "Cities by Continent and Country", "Cities by Continent and Country\Cities by Continent and Country.csproj", "{50E2516E-7C9F-4A08-BC0A-9AA958C5B036}"
EndProject
Project("{FAE04EC0-301F-11D3-BF4B-00C04F79EFBC}") = "Record Unique Names", "Record Unique Names\Record Unique Names.csproj", "{1A1B615F-87DA-4391-A40D-7FB3A6C899EA}"
EndProject
Project("{FAE04EC0-301F-11D3-BF4B-00C04F79EFBC}") = "Parking Lot", "Parking Lot\Parking Lot.csproj", "{FE09DB49-7C88-46FE-8B2A-75DDC86A7D85}"
EndProject
Project("{FAE04EC0-301F-11D3-BF4B-00C04F79EFBC}") = "SoftUni Party", "SoftUni Party\SoftUni Party.csproj", "{7665D037-7D81-46C1-9861-32EC579E6932}"
EndProject
Global
	GlobalSection(SolutionConfigurationPlatforms) = preSolution
		Debug|Any CPU = Debug|Any CPU
		Release|Any CPU = Release|Any CPU
	EndGlobalSection
	GlobalSection(ProjectConfigurationPlatforms) = postSolution
		{2EAB0EDE-B782-499C-973B-6A312469A9B5}.Debug|Any CPU.ActiveCfg = Debug|Any CPU
		{2EAB0EDE-B782-499C-973B-6A312469A9B5}.Debug|Any CPU.Build.0 = Debug|Any CPU
		{2EAB0EDE-B782-499C-973B-6A312469A9B5}.Release|Any CPU.ActiveCfg = Release|Any CPU
		{2EAB0EDE-B782-499C-973B-6A312469A9B5}.Release|Any CPU.Build.0 = Release|Any CPU
		{94A63F04-A53C-4F9C-8D3F-D55616EDBDE6}.Debug|Any CPU.ActiveCfg = Debug|Any CPU
		{94A63F04-A53C-4F9C-8D3F-D55616EDBDE6}.Debug|Any CPU.Build.0 = Debug|Any CPU
		{94A63F04-A53C-4F9C-8D3F-D55616EDBDE6}.Release|Any CPU.ActiveCfg = Release|Any CPU
		{94A63F04-A53C-4F9C-8D3F-D55616EDBDE6}.Release|Any CPU.Build.0 = Release|Any CPU
		{86C36DC1-0F56-4629-95AA-33E004ABF37B}.Debug|Any CPU.ActiveCfg = Debug|Any CPU
		{86C36DC1-0F56-4629-95AA-33E004ABF37B}.Debug|Any CPU.Build.0 = Debug|Any CPU
		{86C36DC1-0F56-4629-95AA-33E004ABF37B}.Release|Any CPU.ActiveCfg = Release|Any CPU
		{86C36DC1-0F56-4629-95AA-33E004ABF37B}.Release|Any CPU.Build.0 = Release|Any CPU
		{50E2516E-7C9F-4A08-BC0A-9AA958C5B036}.Debug|Any CPU.ActiveCfg = Debug|Any CPU
		{50E2516E-7C9F-4A08-BC0A-9AA958C5B036}.Debug|Any CPU.Build.0 = Debug|Any CPU
		{50E2516E-7C9F-4A08-BC0A-9AA958C5B036}.Release|Any CPU.ActiveCfg = Release|Any CPU
		{50E2516E-7C9F-4A08-BC0A-9AA958C5B036}.Release|Any CPU.Build.0 = Release|Any CPU
		{1A1B615F-87DA-4391-A40D-7FB3A6C899EA}.Debug|Any CPU.ActiveCfg = Debug|Any CPU
		{1A1B615F-87DA-4391-A40D-7FB3A6C899EA}.Debug|Any CPU.Build.0 = Debug|Any CPU
		{1A1B615F-87DA-4391-A40D-7FB3A6C899EA}.Release|Any CPU.ActiveCfg = Release|Any CPU
		{1A1B615F-87DA-4391-A40D-7FB3A6C899EA}.Release|Any CPU.Build.0 = Release|Any CPU
		{FE09DB49-7C88-46FE-8B2A-75DDC86A7D85}.Debug|Any CPU.ActiveCfg = Debug|Any CPU
		{FE09DB49-7C88-46FE-8B2A-75DDC86A7D85}.Debug|Any CPU.Build.0 = Debug|Any CPU
		{FE09DB49-7C88-46FE-8B2A-75DDC86A7D85}.Release|Any CPU.ActiveCfg = Release|Any CPU
		{FE09DB49-7C88-46FE-8B2A-75DDC86A7D85}.Release|Any CPU.Build.0 = Release|Any CPU
		{7665D037-7D81-46C1-9861-32EC579E6932}.Debug|Any CPU.ActiveCfg = Debug|Any CPU
		{7665D037-7D81-46C1-9861-32EC579E6932}.Debug|Any CPU.Build.0 = Debug|Any CPU
		{7665D037-7D81-46C1-9861-32EC579E6932}.Release|Any CPU.ActiveCfg = Release|Any CPU
		{7665D037-7D81-46C1-9861-32EC579E6932}.Release|Any CPU.Build.0 = Release|Any CPU
	EndGlobalSection
	GlobalSection(SolutionProperties) = preSolution
		HideSolutionNode = FALSE
	EndGlobalSection
	GlobalSection(ExtensibilityGlobals) = postSolution
		SolutionGuid = {0A4C9335-7B81-4073-AFC1-DD87F3938DA3}
	EndGlobalSection
EndGlobal
