
Microsoft Visual Studio Solution File, Format Version 12.00
# Visual Studio 15
VisualStudioVersion = 15.0.28307.168
MinimumVisualStudioVersion = 10.0.40219.1
Project("{FAE04EC0-301F-11D3-BF4B-00C04F79EFBC}") = "Count Same Values in Array", "Count Same Values in Array\Count Same Values in Array.csproj", "{2EAB0EDE-B782-499C-973B-6A312469A9B5}"
EndProject
Project("{FAE04EC0-301F-11D3-BF4B-00C04F79EFBC}") = "Average Student Grades", "Average Student Grades\Average Student Grades.csproj", "{94A63F04-A53C-4F9C-8D3F-D55616EDBDE6}"
EndProject
Project("{FAE04EC0-301F-11D3-BF4B-00C04F79EFBC}") = "Product Shop", "Product Shop\Product Shop.csproj", "{86C36DC1-0F56-4629-95AA-33E004ABF37B}"
EndProject
Global
	GlobalSection(SolutionConfigurationPlatforms) = preSolution
		Debug|Any CPU = Debug|Any CPU
		Release|Any CPU = Release|Any CPU
	EndGlobalSection
	GlobalSection(ProjectConfigurationPlatforms) = postSolution
		{2EAB0EDE-B782-499C-973B-6A312469A9B5}.Debug|Any CPU.ActiveCfg = Debug|Any CPU
		{2EAB0EDE-B782-499C-973B-6A312469A9B5}.Debug|Any CPU.Build.0 = Debug|Any CPU
		{2EAB0EDE-B782-499C-973B-6A312469A9B5}.Release|Any CPU.ActiveCfg = Release|Any CPU
		{2EAB0EDE-B782-499C-973B-6A312469A9B5}.Release|Any CPU.Build.0 = Release|Any CPU
		{94A63F04-A53C-4F9C-8D3F-D55616EDBDE6}.Debug|Any CPU.ActiveCfg = Debug|Any CPU
		{94A63F04-A53C-4F9C-8D3F-D55616EDBDE6}.Debug|Any CPU.Build.0 = Debug|Any CPU
		{94A63F04-A53C-4F9C-8D3F-D55616EDBDE6}.Release|Any CPU.ActiveCfg = Release|Any CPU
		{94A63F04-A53C-4F9C-8D3F-D55616EDBDE6}.Release|Any CPU.Build.0 = Release|Any CPU
		{86C36DC1-0F56-4629-95AA-33E004ABF37B}.Debug|Any CPU.ActiveCfg = Debug|Any CPU
		{86C36DC1-0F56-4629-95AA-33E004ABF37B}.Debug|Any CPU.Build.0 = Debug|Any CPU
		{86C36DC1-0F56-4629-95AA-33E004ABF37B}.Release|Any CPU.ActiveCfg = Release|Any CPU
		{86C36DC1-0F56-4629-95AA-33E004ABF37B}.Release|Any CPU.Build.0 = Release|Any CPU
	EndGlobalSection
	GlobalSection(SolutionProperties) = preSolution
		HideSolutionNode = FALSE
	EndGlobalSection
	GlobalSection(ExtensibilityGlobals) = postSolution
		SolutionGuid = {0A4C9335-7B81-4073-AFC1-DD87F3938DA3}
	EndGlobalSection
EndGlobal
