
Microsoft Visual Studio Solution File, Format Version 12.00
# Visual Studio 15
VisualStudioVersion = 15.0.28307.168
MinimumVisualStudioVersion = 10.0.40219.1
Project("{9A19103F-16F7-4668-BE54-9A1E7A4F7556}") = "Even Lines", "04. Streams-Files-and-Directories-Exercise\Even Lines.csproj", "{D690B19F-118B-4D9C-8AB7-5881678EA034}"
EndProject
Project("{9A19103F-16F7-4668-BE54-9A1E7A4F7556}") = "Line Numbers", "Line Numbers\Line Numbers.csproj", "{5AB199E7-75CB-4A37-B1B5-000AD46B7657}"
EndProject
Project("{9A19103F-16F7-4668-BE54-9A1E7A4F7556}") = "Word Count", "Word Count\Word Count.csproj", "{F2247BEC-A0D3-424C-AB61-8CEF3CDDA28A}"
EndProject
Project("{9A19103F-16F7-4668-BE54-9A1E7A4F7556}") = "Copy Binary File", "Copy Binary File\Copy Binary File.csproj", "{8E1EA005-4A36-4EF0-AA90-4C47F6C2B44F}"
EndProject
Project("{9A19103F-16F7-4668-BE54-9A1E7A4F7556}") = "Directory Traversal", "Directory Traversal\Directory Traversal.csproj", "{64FF2AE8-31F2-4047-9DFC-F1B39E6234FD}"
EndProject
Project("{FAE04EC0-301F-11D3-BF4B-00C04F79EFBC}") = "Full Directory Traversal", "Full Directory Traversal\Full Directory Traversal.csproj", "{069D82B9-6445-4858-9661-F27984869930}"
EndProject
Global
	GlobalSection(SolutionConfigurationPlatforms) = preSolution
		Debug|Any CPU = Debug|Any CPU
		Release|Any CPU = Release|Any CPU
	EndGlobalSection
	GlobalSection(ProjectConfigurationPlatforms) = postSolution
		{D690B19F-118B-4D9C-8AB7-5881678EA034}.Debug|Any CPU.ActiveCfg = Debug|Any CPU
		{D690B19F-118B-4D9C-8AB7-5881678EA034}.Debug|Any CPU.Build.0 = Debug|Any CPU
		{D690B19F-118B-4D9C-8AB7-5881678EA034}.Release|Any CPU.ActiveCfg = Release|Any CPU
		{D690B19F-118B-4D9C-8AB7-5881678EA034}.Release|Any CPU.Build.0 = Release|Any CPU
		{5AB199E7-75CB-4A37-B1B5-000AD46B7657}.Debug|Any CPU.ActiveCfg = Debug|Any CPU
		{5AB199E7-75CB-4A37-B1B5-000AD46B7657}.Debug|Any CPU.Build.0 = Debug|Any CPU
		{5AB199E7-75CB-4A37-B1B5-000AD46B7657}.Release|Any CPU.ActiveCfg = Release|Any CPU
		{5AB199E7-75CB-4A37-B1B5-000AD46B7657}.Release|Any CPU.Build.0 = Release|Any CPU
		{F2247BEC-A0D3-424C-AB61-8CEF3CDDA28A}.Debug|Any CPU.ActiveCfg = Debug|Any CPU
		{F2247BEC-A0D3-424C-AB61-8CEF3CDDA28A}.Debug|Any CPU.Build.0 = Debug|Any CPU
		{F2247BEC-A0D3-424C-AB61-8CEF3CDDA28A}.Release|Any CPU.ActiveCfg = Release|Any CPU
		{F2247BEC-A0D3-424C-AB61-8CEF3CDDA28A}.Release|Any CPU.Build.0 = Release|Any CPU
		{8E1EA005-4A36-4EF0-AA90-4C47F6C2B44F}.Debug|Any CPU.ActiveCfg = Debug|Any CPU
		{8E1EA005-4A36-4EF0-AA90-4C47F6C2B44F}.Debug|Any CPU.Build.0 = Debug|Any CPU
		{8E1EA005-4A36-4EF0-AA90-4C47F6C2B44F}.Release|Any CPU.ActiveCfg = Release|Any CPU
		{8E1EA005-4A36-4EF0-AA90-4C47F6C2B44F}.Release|Any CPU.Build.0 = Release|Any CPU
		{64FF2AE8-31F2-4047-9DFC-F1B39E6234FD}.Debug|Any CPU.ActiveCfg = Debug|Any CPU
		{64FF2AE8-31F2-4047-9DFC-F1B39E6234FD}.Debug|Any CPU.Build.0 = Debug|Any CPU
		{64FF2AE8-31F2-4047-9DFC-F1B39E6234FD}.Release|Any CPU.ActiveCfg = Release|Any CPU
		{64FF2AE8-31F2-4047-9DFC-F1B39E6234FD}.Release|Any CPU.Build.0 = Release|Any CPU
		{069D82B9-6445-4858-9661-F27984869930}.Debug|Any CPU.ActiveCfg = Debug|Any CPU
		{069D82B9-6445-4858-9661-F27984869930}.Debug|Any CPU.Build.0 = Debug|Any CPU
		{069D82B9-6445-4858-9661-F27984869930}.Release|Any CPU.ActiveCfg = Release|Any CPU
		{069D82B9-6445-4858-9661-F27984869930}.Release|Any CPU.Build.0 = Release|Any CPU
	EndGlobalSection
	GlobalSection(SolutionProperties) = preSolution
		HideSolutionNode = FALSE
	EndGlobalSection
	GlobalSection(ExtensibilityGlobals) = postSolution
		SolutionGuid = {609060DA-207D-4FD7-89B0-0A9E063DD3DB}
	EndGlobalSection
EndGlobal
