
Microsoft Visual Studio Solution File, Format Version 12.00
# Visual Studio 15
VisualStudioVersion = 15.0.28307.329
MinimumVisualStudioVersion = 10.0.40219.1
Project("{FAE04EC0-301F-11D3-BF4B-00C04F79EFBC}") = "ClubParty", "ClubParty\ClubParty.csproj", "{65CE55AB-C6DB-4D0A-A167-DF4E3625DEE8}"
EndProject
Project("{FAE04EC0-301F-11D3-BF4B-00C04F79EFBC}") = "TronRacers", "TronRacers\TronRacers.csproj", "{DBF0E756-A2A5-421A-9CE0-AAEDDE4BA016}"
EndProject
Global
	GlobalSection(SolutionConfigurationPlatforms) = preSolution
		Debug|Any CPU = Debug|Any CPU
		Release|Any CPU = Release|Any CPU
	EndGlobalSection
	GlobalSection(ProjectConfigurationPlatforms) = postSolution
		{65CE55AB-C6DB-4D0A-A167-DF4E3625DEE8}.Debug|Any CPU.ActiveCfg = Debug|Any CPU
		{65CE55AB-C6DB-4D0A-A167-DF4E3625DEE8}.Debug|Any CPU.Build.0 = Debug|Any CPU
		{65CE55AB-C6DB-4D0A-A167-DF4E3625DEE8}.Release|Any CPU.ActiveCfg = Release|Any CPU
		{65CE55AB-C6DB-4D0A-A167-DF4E3625DEE8}.Release|Any CPU.Build.0 = Release|Any CPU
		{DBF0E756-A2A5-421A-9CE0-AAEDDE4BA016}.Debug|Any CPU.ActiveCfg = Debug|Any CPU
		{DBF0E756-A2A5-421A-9CE0-AAEDDE4BA016}.Debug|Any CPU.Build.0 = Debug|Any CPU
		{DBF0E756-A2A5-421A-9CE0-AAEDDE4BA016}.Release|Any CPU.ActiveCfg = Release|Any CPU
		{DBF0E756-A2A5-421A-9CE0-AAEDDE4BA016}.Release|Any CPU.Build.0 = Release|Any CPU
	EndGlobalSection
	GlobalSection(SolutionProperties) = preSolution
		HideSolutionNode = FALSE
	EndGlobalSection
	GlobalSection(ExtensibilityGlobals) = postSolution
		SolutionGuid = {C36EDAA6-3258-4C50-9236-022478D7D957}
	EndGlobalSection
EndGlobal
